// !$*UTF8*$!
{
	archiveVersion = 1;
	classes = {
	};
	objectVersion = 50;
	objects = {

/* Begin PBXBuildFile section */
		4CE24C582635BEE9009C12C4 /* AppDelegate.swift in Sources */ = {isa = PBXBuildFile; fileRef = 4CE24C572635BEE9009C12C4 /* AppDelegate.swift */; };
		4CE24C5A2635BEE9009C12C4 /* SceneDelegate.swift in Sources */ = {isa = PBXBuildFile; fileRef = 4CE24C592635BEE9009C12C4 /* SceneDelegate.swift */; };
		4CE24C5C2635BEE9009C12C4 /* ViewController.swift in Sources */ = {isa = PBXBuildFile; fileRef = 4CE24C5B2635BEE9009C12C4 /* ViewController.swift */; };
		4CE24C5F2635BEE9009C12C4 /* Main.storyboard in Resources */ = {isa = PBXBuildFile; fileRef = 4CE24C5D2635BEE9009C12C4 /* Main.storyboard */; };
		4CE24C622635BEE9009C12C4 /* MasteringGit.xcdatamodeld in Sources */ = {isa = PBXBuildFile; fileRef = 4CE24C602635BEE9009C12C4 /* MasteringGit.xcdatamodeld */; };
		4CE24C642635BEEA009C12C4 /* Assets.xcassets in Resources */ = {isa = PBXBuildFile; fileRef = 4CE24C632635BEEA009C12C4 /* Assets.xcassets */; };
		4CE24C722635BEEB009C12C4 /* MasteringGitTests.swift in Sources */ = {isa = PBXBuildFile; fileRef = 4CE24C712635BEEB009C12C4 /* MasteringGitTests.swift */; };
		4CE24C7D2635BEEB009C12C4 /* MasteringGitUITests.swift in Sources */ = {isa = PBXBuildFile; fileRef = 4CE24C7C2635BEEB009C12C4 /* MasteringGitUITests.swift */; };
		4CE24CA12635CA3C009C12C4 /* MenuVC.swift in Sources */ = {isa = PBXBuildFile; fileRef = 4CE24CA02635CA3C009C12C4 /* MenuVC.swift */; };
		4CE24CA82635D2CB009C12C4 /* Extensions.swift in Sources */ = {isa = PBXBuildFile; fileRef = 4CE24CA72635D2CB009C12C4 /* Extensions.swift */; };
/* End PBXBuildFile section */

/* Begin PBXContainerItemProxy section */
		4CE24C6E2635BEEB009C12C4 /* PBXContainerItemProxy */ = {
			isa = PBXContainerItemProxy;
			containerPortal = 4CE24C4C2635BEE9009C12C4 /* Project object */;
			proxyType = 1;
			remoteGlobalIDString = 4CE24C532635BEE9009C12C4;
			remoteInfo = MasteringGit;
		};
		4CE24C792635BEEB009C12C4 /* PBXContainerItemProxy */ = {
			isa = PBXContainerItemProxy;
			containerPortal = 4CE24C4C2635BEE9009C12C4 /* Project object */;
			proxyType = 1;
			remoteGlobalIDString = 4CE24C532635BEE9009C12C4;
			remoteInfo = MasteringGit;
		};
/* End PBXContainerItemProxy section */

/* Begin PBXFileReference section */
		4CE24C542635BEE9009C12C4 /* MasteringGit.app */ = {isa = PBXFileReference; explicitFileType = wrapper.application; includeInIndex = 0; path = MasteringGit.app; sourceTree = BUILT_PRODUCTS_DIR; };
		4CE24C572635BEE9009C12C4 /* AppDelegate.swift */ = {isa = PBXFileReference; lastKnownFileType = sourcecode.swift; path = AppDelegate.swift; sourceTree = "<group>"; };
		4CE24C592635BEE9009C12C4 /* SceneDelegate.swift */ = {isa = PBXFileReference; lastKnownFileType = sourcecode.swift; path = SceneDelegate.swift; sourceTree = "<group>"; };
		4CE24C5B2635BEE9009C12C4 /* ViewController.swift */ = {isa = PBXFileReference; lastKnownFileType = sourcecode.swift; path = ViewController.swift; sourceTree = "<group>"; };
		4CE24C5E2635BEE9009C12C4 /* Base */ = {isa = PBXFileReference; lastKnownFileType = file.storyboard; name = Base; path = Base.lproj/Main.storyboard; sourceTree = "<group>"; };
		4CE24C612635BEE9009C12C4 /* MasteringGit.xcdatamodel */ = {isa = PBXFileReference; lastKnownFileType = wrapper.xcdatamodel; path = MasteringGit.xcdatamodel; sourceTree = "<group>"; };
		4CE24C632635BEEA009C12C4 /* Assets.xcassets */ = {isa = PBXFileReference; lastKnownFileType = folder.assetcatalog; path = Assets.xcassets; sourceTree = "<group>"; };
		4CE24C682635BEEA009C12C4 /* Info.plist */ = {isa = PBXFileReference; lastKnownFileType = text.plist.xml; path = Info.plist; sourceTree = "<group>"; };
		4CE24C6D2635BEEB009C12C4 /* MasteringGitTests.xctest */ = {isa = PBXFileReference; explicitFileType = wrapper.cfbundle; includeInIndex = 0; path = MasteringGitTests.xctest; sourceTree = BUILT_PRODUCTS_DIR; };
		4CE24C712635BEEB009C12C4 /* MasteringGitTests.swift */ = {isa = PBXFileReference; lastKnownFileType = sourcecode.swift; path = MasteringGitTests.swift; sourceTree = "<group>"; };
		4CE24C732635BEEB009C12C4 /* Info.plist */ = {isa = PBXFileReference; lastKnownFileType = text.plist.xml; path = Info.plist; sourceTree = "<group>"; };
		4CE24C782635BEEB009C12C4 /* MasteringGitUITests.xctest */ = {isa = PBXFileReference; explicitFileType = wrapper.cfbundle; includeInIndex = 0; path = MasteringGitUITests.xctest; sourceTree = BUILT_PRODUCTS_DIR; };
		4CE24C7C2635BEEB009C12C4 /* MasteringGitUITests.swift */ = {isa = PBXFileReference; lastKnownFileType = sourcecode.swift; path = MasteringGitUITests.swift; sourceTree = "<group>"; };
		4CE24C7E2635BEEB009C12C4 /* Info.plist */ = {isa = PBXFileReference; lastKnownFileType = text.plist.xml; path = Info.plist; sourceTree = "<group>"; };
		4CE24CA02635CA3C009C12C4 /* MenuVC.swift */ = {isa = PBXFileReference; lastKnownFileType = sourcecode.swift; path = MenuVC.swift; sourceTree = "<group>"; };
		4CE24CA72635D2CB009C12C4 /* Extensions.swift */ = {isa = PBXFileReference; lastKnownFileType = sourcecode.swift; path = Extensions.swift; sourceTree = "<group>"; };
/* End PBXFileReference section */

/* Begin PBXFrameworksBuildPhase section */
		4CE24C512635BEE9009C12C4 /* Frameworks */ = {
			isa = PBXFrameworksBuildPhase;
			buildActionMask = 2147483647;
			files = (
			);
			runOnlyForDeploymentPostprocessing = 0;
		};
		4CE24C6A2635BEEB009C12C4 /* Frameworks */ = {
			isa = PBXFrameworksBuildPhase;
			buildActionMask = 2147483647;
			files = (
			);
			runOnlyForDeploymentPostprocessing = 0;
		};
		4CE24C752635BEEB009C12C4 /* Frameworks */ = {
			isa = PBXFrameworksBuildPhase;
			buildActionMask = 2147483647;
			files = (
			);
			runOnlyForDeploymentPostprocessing = 0;
		};
/* End PBXFrameworksBuildPhase section */

/* Begin PBXGroup section */
		4CE24C4B2635BEE9009C12C4 = {
			isa = PBXGroup;
			children = (
				4CE24C562635BEE9009C12C4 /* MasteringGit */,
				4CE24C702635BEEB009C12C4 /* MasteringGitTests */,
				4CE24C7B2635BEEB009C12C4 /* MasteringGitUITests */,
				4CE24C552635BEE9009C12C4 /* Products */,
			);
			sourceTree = "<group>";
		};
		4CE24C552635BEE9009C12C4 /* Products */ = {
			isa = PBXGroup;
			children = (
				4CE24C542635BEE9009C12C4 /* MasteringGit.app */,
				4CE24C6D2635BEEB009C12C4 /* MasteringGitTests.xctest */,
				4CE24C782635BEEB009C12C4 /* MasteringGitUITests.xctest */,
			);
			name = Products;
			sourceTree = "<group>";
		};
		4CE24C562635BEE9009C12C4 /* MasteringGit */ = {
			isa = PBXGroup;
			children = (
				4CE24CA52635D253009C12C4 /* Utitlies */,
				4CE24C932635BF82009C12C4 /* Assets */,
				4CE24C922635BF6B009C12C4 /* Storyboard */,
				4CE24C912635BF5F009C12C4 /* ViewControllers */,
				4CE24C8D2635BF30009C12C4 /* AppDelegates */,
				4CE24C682635BEEA009C12C4 /* Info.plist */,
				4CE24C602635BEE9009C12C4 /* MasteringGit.xcdatamodeld */,
			);
			path = MasteringGit;
			sourceTree = "<group>";
		};
		4CE24C702635BEEB009C12C4 /* MasteringGitTests */ = {
			isa = PBXGroup;
			children = (
				4CE24C712635BEEB009C12C4 /* MasteringGitTests.swift */,
				4CE24C732635BEEB009C12C4 /* Info.plist */,
			);
			path = MasteringGitTests;
			sourceTree = "<group>";
		};
		4CE24C7B2635BEEB009C12C4 /* MasteringGitUITests */ = {
			isa = PBXGroup;
			children = (
				4CE24C7C2635BEEB009C12C4 /* MasteringGitUITests.swift */,
				4CE24C7E2635BEEB009C12C4 /* Info.plist */,
			);
			path = MasteringGitUITests;
			sourceTree = "<group>";
		};
		4CE24C8D2635BF30009C12C4 /* AppDelegates */ = {
			isa = PBXGroup;
			children = (
				4CE24C572635BEE9009C12C4 /* AppDelegate.swift */,
				4CE24C592635BEE9009C12C4 /* SceneDelegate.swift */,
			);
			path = AppDelegates;
			sourceTree = "<group>";
		};
		4CE24C912635BF5F009C12C4 /* ViewControllers */ = {
			isa = PBXGroup;
			children = (
				4CE24C5B2635BEE9009C12C4 /* ViewController.swift */,
				4CE24CA02635CA3C009C12C4 /* MenuVC.swift */,
			);
			path = ViewControllers;
			sourceTree = "<group>";
		};
		4CE24C922635BF6B009C12C4 /* Storyboard */ = {
			isa = PBXGroup;
			children = (
				4CE24C5D2635BEE9009C12C4 /* Main.storyboard */,
			);
			path = Storyboard;
			sourceTree = "<group>";
		};
		4CE24C932635BF82009C12C4 /* Assets */ = {
			isa = PBXGroup;
			children = (
				4CE24C632635BEEA009C12C4 /* Assets.xcassets */,
			);
			path = Assets;
			sourceTree = "<group>";
		};
		4CE24CA52635D253009C12C4 /* Utitlies */ = {
			isa = PBXGroup;
			children = (
				4CE24CA62635D25F009C12C4 /* Extensions */,
			);
			path = Utitlies;
			sourceTree = "<group>";
		};
		4CE24CA62635D25F009C12C4 /* Extensions */ = {
			isa = PBXGroup;
			children = (
				4CE24CA72635D2CB009C12C4 /* Extensions.swift */,
			);
			path = Extensions;
			sourceTree = "<group>";
		};
/* End PBXGroup section */

/* Begin PBXNativeTarget section */
		4CE24C532635BEE9009C12C4 /* MasteringGit */ = {
			isa = PBXNativeTarget;
			buildConfigurationList = 4CE24C812635BEEB009C12C4 /* Build configuration list for PBXNativeTarget "MasteringGit" */;
			buildPhases = (
				4CE24C502635BEE9009C12C4 /* Sources */,
				4CE24C512635BEE9009C12C4 /* Frameworks */,
				4CE24C522635BEE9009C12C4 /* Resources */,
			);
			buildRules = (
			);
			dependencies = (
			);
			name = MasteringGit;
			productName = MasteringGit;
			productReference = 4CE24C542635BEE9009C12C4 /* MasteringGit.app */;
			productType = "com.apple.product-type.application";
		};
		4CE24C6C2635BEEB009C12C4 /* MasteringGitTests */ = {
			isa = PBXNativeTarget;
			buildConfigurationList = 4CE24C842635BEEB009C12C4 /* Build configuration list for PBXNativeTarget "MasteringGitTests" */;
			buildPhases = (
				4CE24C692635BEEB009C12C4 /* Sources */,
				4CE24C6A2635BEEB009C12C4 /* Frameworks */,
				4CE24C6B2635BEEB009C12C4 /* Resources */,
			);
			buildRules = (
			);
			dependencies = (
				4CE24C6F2635BEEB009C12C4 /* PBXTargetDependency */,
			);
			name = MasteringGitTests;
			productName = MasteringGitTests;
			productReference = 4CE24C6D2635BEEB009C12C4 /* MasteringGitTests.xctest */;
			productType = "com.apple.product-type.bundle.unit-test";
		};
		4CE24C772635BEEB009C12C4 /* MasteringGitUITests */ = {
			isa = PBXNativeTarget;
			buildConfigurationList = 4CE24C872635BEEB009C12C4 /* Build configuration list for PBXNativeTarget "MasteringGitUITests" */;
			buildPhases = (
				4CE24C742635BEEB009C12C4 /* Sources */,
				4CE24C752635BEEB009C12C4 /* Frameworks */,
				4CE24C762635BEEB009C12C4 /* Resources */,
			);
			buildRules = (
			);
			dependencies = (
				4CE24C7A2635BEEB009C12C4 /* PBXTargetDependency */,
			);
			name = MasteringGitUITests;
			productName = MasteringGitUITests;
			productReference = 4CE24C782635BEEB009C12C4 /* MasteringGitUITests.xctest */;
			productType = "com.apple.product-type.bundle.ui-testing";
		};
/* End PBXNativeTarget section */

/* Begin PBXProject section */
		4CE24C4C2635BEE9009C12C4 /* Project object */ = {
			isa = PBXProject;
			attributes = {
				LastSwiftUpdateCheck = 1240;
				LastUpgradeCheck = 1240;
				TargetAttributes = {
					4CE24C532635BEE9009C12C4 = {
						CreatedOnToolsVersion = 12.4;
					};
					4CE24C6C2635BEEB009C12C4 = {
						CreatedOnToolsVersion = 12.4;
						TestTargetID = 4CE24C532635BEE9009C12C4;
					};
					4CE24C772635BEEB009C12C4 = {
						CreatedOnToolsVersion = 12.4;
						TestTargetID = 4CE24C532635BEE9009C12C4;
					};
				};
			};
			buildConfigurationList = 4CE24C4F2635BEE9009C12C4 /* Build configuration list for PBXProject "MasteringGit" */;
			compatibilityVersion = "Xcode 9.3";
			developmentRegion = en;
			hasScannedForEncodings = 0;
			knownRegions = (
				en,
				Base,
			);
			mainGroup = 4CE24C4B2635BEE9009C12C4;
			productRefGroup = 4CE24C552635BEE9009C12C4 /* Products */;
			projectDirPath = "";
			projectRoot = "";
			targets = (
				4CE24C532635BEE9009C12C4 /* MasteringGit */,
				4CE24C6C2635BEEB009C12C4 /* MasteringGitTests */,
				4CE24C772635BEEB009C12C4 /* MasteringGitUITests */,
			);
		};
/* End PBXProject section */

/* Begin PBXResourcesBuildPhase section */
		4CE24C522635BEE9009C12C4 /* Resources */ = {
			isa = PBXResourcesBuildPhase;
			buildActionMask = 2147483647;
			files = (
				4CE24C642635BEEA009C12C4 /* Assets.xcassets in Resources */,
				4CE24C5F2635BEE9009C12C4 /* Main.storyboard in Resources */,
			);
			runOnlyForDeploymentPostprocessing = 0;
		};
		4CE24C6B2635BEEB009C12C4 /* Resources */ = {
			isa = PBXResourcesBuildPhase;
			buildActionMask = 2147483647;
			files = (
			);
			runOnlyForDeploymentPostprocessing = 0;
		};
		4CE24C762635BEEB009C12C4 /* Resources */ = {
			isa = PBXResourcesBuildPhase;
			buildActionMask = 2147483647;
			files = (
			);
			runOnlyForDeploymentPostprocessing = 0;
		};
/* End PBXResourcesBuildPhase section */

/* Begin PBXSourcesBuildPhase section */
		4CE24C502635BEE9009C12C4 /* Sources */ = {
			isa = PBXSourcesBuildPhase;
			buildActionMask = 2147483647;
			files = (
				4CE24C5C2635BEE9009C12C4 /* ViewController.swift in Sources */,
				4CE24CA82635D2CB009C12C4 /* Extensions.swift in Sources */,
				4CE24C582635BEE9009C12C4 /* AppDelegate.swift in Sources */,
				4CE24C5A2635BEE9009C12C4 /* SceneDelegate.swift in Sources */,
				4CE24C622635BEE9009C12C4 /* MasteringGit.xcdatamodeld in Sources */,
				4CE24CA12635CA3C009C12C4 /* MenuVC.swift in Sources */,
			);
			runOnlyForDeploymentPostprocessing = 0;
		};
		4CE24C692635BEEB009C12C4 /* Sources */ = {
			isa = PBXSourcesBuildPhase;
			buildActionMask = 2147483647;
			files = (
				4CE24C722635BEEB009C12C4 /* MasteringGitTests.swift in Sources */,
			);
			runOnlyForDeploymentPostprocessing = 0;
		};
		4CE24C742635BEEB009C12C4 /* Sources */ = {
			isa = PBXSourcesBuildPhase;
			buildActionMask = 2147483647;
			files = (
				4CE24C7D2635BEEB009C12C4 /* MasteringGitUITests.swift in Sources */,
			);
			runOnlyForDeploymentPostprocessing = 0;
		};
/* End PBXSourcesBuildPhase section */

/* Begin PBXTargetDependency section */
		4CE24C6F2635BEEB009C12C4 /* PBXTargetDependency */ = {
			isa = PBXTargetDependency;
			target = 4CE24C532635BEE9009C12C4 /* MasteringGit */;
			targetProxy = 4CE24C6E2635BEEB009C12C4 /* PBXContainerItemProxy */;
		};
		4CE24C7A2635BEEB009C12C4 /* PBXTargetDependency */ = {
			isa = PBXTargetDependency;
			target = 4CE24C532635BEE9009C12C4 /* MasteringGit */;
			targetProxy = 4CE24C792635BEEB009C12C4 /* PBXContainerItemProxy */;
		};
/* End PBXTargetDependency section */

/* Begin PBXVariantGroup section */
		4CE24C5D2635BEE9009C12C4 /* Main.storyboard */ = {
			isa = PBXVariantGroup;
			children = (
				4CE24C5E2635BEE9009C12C4 /* Base */,
			);
			name = Main.storyboard;
			sourceTree = "<group>";
		};
/* End PBXVariantGroup section */

/* Begin XCBuildConfiguration section */
		4CE24C7F2635BEEB009C12C4 /* Debug */ = {
			isa = XCBuildConfiguration;
			buildSettings = {
				ALWAYS_SEARCH_USER_PATHS = NO;
				CLANG_ANALYZER_NONNULL = YES;
				CLANG_ANALYZER_NUMBER_OBJECT_CONVERSION = YES_AGGRESSIVE;
				CLANG_CXX_LANGUAGE_STANDARD = "gnu++14";
				CLANG_CXX_LIBRARY = "libc++";
				CLANG_ENABLE_MODULES = YES;
				CLANG_ENABLE_OBJC_ARC = YES;
				CLANG_ENABLE_OBJC_WEAK = YES;
				CLANG_WARN_BLOCK_CAPTURE_AUTORELEASING = YES;
				CLANG_WARN_BOOL_CONVERSION = YES;
				CLANG_WARN_COMMA = YES;
				CLANG_WARN_CONSTANT_CONVERSION = YES;
				CLANG_WARN_DEPRECATED_OBJC_IMPLEMENTATIONS = YES;
				CLANG_WARN_DIRECT_OBJC_ISA_USAGE = YES_ERROR;
				CLANG_WARN_DOCUMENTATION_COMMENTS = YES;
				CLANG_WARN_EMPTY_BODY = YES;
				CLANG_WARN_ENUM_CONVERSION = YES;
				CLANG_WARN_INFINITE_RECURSION = YES;
				CLANG_WARN_INT_CONVERSION = YES;
				CLANG_WARN_NON_LITERAL_NULL_CONVERSION = YES;
				CLANG_WARN_OBJC_IMPLICIT_RETAIN_SELF = YES;
				CLANG_WARN_OBJC_LITERAL_CONVERSION = YES;
				CLANG_WARN_OBJC_ROOT_CLASS = YES_ERROR;
				CLANG_WARN_QUOTED_INCLUDE_IN_FRAMEWORK_HEADER = YES;
				CLANG_WARN_RANGE_LOOP_ANALYSIS = YES;
				CLANG_WARN_STRICT_PROTOTYPES = YES;
				CLANG_WARN_SUSPICIOUS_MOVE = YES;
				CLANG_WARN_UNGUARDED_AVAILABILITY = YES_AGGRESSIVE;
				CLANG_WARN_UNREACHABLE_CODE = YES;
				CLANG_WARN__DUPLICATE_METHOD_MATCH = YES;
				COPY_PHASE_STRIP = NO;
				DEBUG_INFORMATION_FORMAT = dwarf;
				ENABLE_STRICT_OBJC_MSGSEND = YES;
				ENABLE_TESTABILITY = YES;
				GCC_C_LANGUAGE_STANDARD = gnu11;
				GCC_DYNAMIC_NO_PIC = NO;
				GCC_NO_COMMON_BLOCKS = YES;
				GCC_OPTIMIZATION_LEVEL = 0;
				GCC_PREPROCESSOR_DEFINITIONS = (
					"DEBUG=1",
					"$(inherited)",
				);
				GCC_WARN_64_TO_32_BIT_CONVERSION = YES;
				GCC_WARN_ABOUT_RETURN_TYPE = YES_ERROR;
				GCC_WARN_UNDECLARED_SELECTOR = YES;
				GCC_WARN_UNINITIALIZED_AUTOS = YES_AGGRESSIVE;
				GCC_WARN_UNUSED_FUNCTION = YES;
				GCC_WARN_UNUSED_VARIABLE = YES;
				IPHONEOS_DEPLOYMENT_TARGET = 14.4;
				MTL_ENABLE_DEBUG_INFO = INCLUDE_SOURCE;
				MTL_FAST_MATH = YES;
				ONLY_ACTIVE_ARCH = YES;
				SDKROOT = iphoneos;
				SWIFT_ACTIVE_COMPILATION_CONDITIONS = DEBUG;
				SWIFT_OPTIMIZATION_LEVEL = "-Onone";
			};
			name = Debug;
		};
		4CE24C802635BEEB009C12C4 /* Release */ = {
			isa = XCBuildConfiguration;
			buildSettings = {
				ALWAYS_SEARCH_USER_PATHS = NO;
				CLANG_ANALYZER_NONNULL = YES;
				CLANG_ANALYZER_NUMBER_OBJECT_CONVERSION = YES_AGGRESSIVE;
				CLANG_CXX_LANGUAGE_STANDARD = "gnu++14";
				CLANG_CXX_LIBRARY = "libc++";
				CLANG_ENABLE_MODULES = YES;
				CLANG_ENABLE_OBJC_ARC = YES;
				CLANG_ENABLE_OBJC_WEAK = YES;
				CLANG_WARN_BLOCK_CAPTURE_AUTORELEASING = YES;
				CLANG_WARN_BOOL_CONVERSION = YES;
				CLANG_WARN_COMMA = YES;
				CLANG_WARN_CONSTANT_CONVERSION = YES;
				CLANG_WARN_DEPRECATED_OBJC_IMPLEMENTATIONS = YES;
				CLANG_WARN_DIRECT_OBJC_ISA_USAGE = YES_ERROR;
				CLANG_WARN_DOCUMENTATION_COMMENTS = YES;
				CLANG_WARN_EMPTY_BODY = YES;
				CLANG_WARN_ENUM_CONVERSION = YES;
				CLANG_WARN_INFINITE_RECURSION = YES;
				CLANG_WARN_INT_CONVERSION = YES;
				CLANG_WARN_NON_LITERAL_NULL_CONVERSION = YES;
				CLANG_WARN_OBJC_IMPLICIT_RETAIN_SELF = YES;
				CLANG_WARN_OBJC_LITERAL_CONVERSION = YES;
				CLANG_WARN_OBJC_ROOT_CLASS = YES_ERROR;
				CLANG_WARN_QUOTED_INCLUDE_IN_FRAMEWORK_HEADER = YES;
				CLANG_WARN_RANGE_LOOP_ANALYSIS = YES;
				CLANG_WARN_STRICT_PROTOTYPES = YES;
				CLANG_WARN_SUSPICIOUS_MOVE = YES;
				CLANG_WARN_UNGUARDED_AVAILABILITY = YES_AGGRESSIVE;
				CLANG_WARN_UNREACHABLE_CODE = YES;
				CLANG_WARN__DUPLICATE_METHOD_MATCH = YES;
				COPY_PHASE_STRIP = NO;
				DEBUG_INFORMATION_FORMAT = "dwarf-with-dsym";
				ENABLE_NS_ASSERTIONS = NO;
				ENABLE_STRICT_OBJC_MSGSEND = YES;
				GCC_C_LANGUAGE_STANDARD = gnu11;
				GCC_NO_COMMON_BLOCKS = YES;
				GCC_WARN_64_TO_32_BIT_CONVERSION = YES;
				GCC_WARN_ABOUT_RETURN_TYPE = YES_ERROR;
				GCC_WARN_UNDECLARED_SELECTOR = YES;
				GCC_WARN_UNINITIALIZED_AUTOS = YES_AGGRESSIVE;
				GCC_WARN_UNUSED_FUNCTION = YES;
				GCC_WARN_UNUSED_VARIABLE = YES;
				IPHONEOS_DEPLOYMENT_TARGET = 14.4;
				MTL_ENABLE_DEBUG_INFO = NO;
				MTL_FAST_MATH = YES;
				SDKROOT = iphoneos;
				SWIFT_COMPILATION_MODE = wholemodule;
				SWIFT_OPTIMIZATION_LEVEL = "-O";
				VALIDATE_PRODUCT = YES;
			};
			name = Release;
		};
		4CE24C822635BEEB009C12C4 /* Debug */ = {
			isa = XCBuildConfiguration;
			buildSettings = {
				ASSETCATALOG_COMPILER_APPICON_NAME = AppIcon;
				ASSETCATALOG_COMPILER_GLOBAL_ACCENT_COLOR_NAME = AccentColor;
				CODE_SIGN_STYLE = Automatic;
				INFOPLIST_FILE = MasteringGit/Info.plist;
				LD_RUNPATH_SEARCH_PATHS = (
					"$(inherited)",
					"@executable_path/Frameworks",
				);
				PRODUCT_BUNDLE_IDENTIFIER = com.mastering.git.MasteringGit;
				PRODUCT_NAME = "$(TARGET_NAME)";
				SWIFT_VERSION = 5.0;
				TARGETED_DEVICE_FAMILY = 1;
			};
			name = Debug;
		};
		4CE24C832635BEEB009C12C4 /* Release */ = {
			isa = XCBuildConfiguration;
			buildSettings = {
				ASSETCATALOG_COMPILER_APPICON_NAME = AppIcon;
				ASSETCATALOG_COMPILER_GLOBAL_ACCENT_COLOR_NAME = AccentColor;
				CODE_SIGN_STYLE = Automatic;
				INFOPLIST_FILE = MasteringGit/Info.plist;
				LD_RUNPATH_SEARCH_PATHS = (
					"$(inherited)",
					"@executable_path/Frameworks",
				);
				PRODUCT_BUNDLE_IDENTIFIER = com.mastering.git.MasteringGit;
				PRODUCT_NAME = "$(TARGET_NAME)";
				SWIFT_VERSION = 5.0;
				TARGETED_DEVICE_FAMILY = 1;
			};
			name = Release;
		};
		4CE24C852635BEEB009C12C4 /* Debug */ = {
			isa = XCBuildConfiguration;
			buildSettings = {
				ALWAYS_EMBED_SWIFT_STANDARD_LIBRARIES = YES;
				BUNDLE_LOADER = "$(TEST_HOST)";
				CODE_SIGN_STYLE = Automatic;
				INFOPLIST_FILE = MasteringGitTests/Info.plist;
				IPHONEOS_DEPLOYMENT_TARGET = 14.4;
				LD_RUNPATH_SEARCH_PATHS = (
					"$(inherited)",
					"@executable_path/Frameworks",
					"@loader_path/Frameworks",
				);
				PRODUCT_BUNDLE_IDENTIFIER = com.mastering.git.MasteringGitTests;
				PRODUCT_NAME = "$(TARGET_NAME)";
				SWIFT_VERSION = 5.0;
				TARGETED_DEVICE_FAMILY = "1,2";
				TEST_HOST = "$(BUILT_PRODUCTS_DIR)/MasteringGit.app/MasteringGit";
			};
			name = Debug;
		};
		4CE24C862635BEEB009C12C4 /* Release */ = {
			isa = XCBuildConfiguration;
			buildSettings = {
				ALWAYS_EMBED_SWIFT_STANDARD_LIBRARIES = YES;
				BUNDLE_LOADER = "$(TEST_HOST)";
				CODE_SIGN_STYLE = Automatic;
				INFOPLIST_FILE = MasteringGitTests/Info.plist;
				IPHONEOS_DEPLOYMENT_TARGET = 14.4;
				LD_RUNPATH_SEARCH_PATHS = (
					"$(inherited)",
					"@executable_path/Frameworks",
					"@loader_path/Frameworks",
				);
				PRODUCT_BUNDLE_IDENTIFIER = com.mastering.git.MasteringGitTests;
				PRODUCT_NAME = "$(TARGET_NAME)";
				SWIFT_VERSION = 5.0;
				TARGETED_DEVICE_FAMILY = "1,2";
				TEST_HOST = "$(BUILT_PRODUCTS_DIR)/MasteringGit.app/MasteringGit";
			};
			name = Release;
		};
		4CE24C882635BEEB009C12C4 /* Debug */ = {
			isa = XCBuildConfiguration;
			buildSettings = {
				ALWAYS_EMBED_SWIFT_STANDARD_LIBRARIES = YES;
				CODE_SIGN_STYLE = Automatic;
				INFOPLIST_FILE = MasteringGitUITests/Info.plist;
				LD_RUNPATH_SEARCH_PATHS = (
					"$(inherited)",
					"@executable_path/Frameworks",
					"@loader_path/Frameworks",
				);
				PRODUCT_BUNDLE_IDENTIFIER = com.mastering.git.MasteringGitUITests;
				PRODUCT_NAME = "$(TARGET_NAME)";
				SWIFT_VERSION = 5.0;
				TARGETED_DEVICE_FAMILY = "1,2";
				TEST_TARGET_NAME = MasteringGit;
			};
			name = Debug;
		};
		4CE24C892635BEEB009C12C4 /* Release */ = {
			isa = XCBuildConfiguration;
			buildSettings = {
				ALWAYS_EMBED_SWIFT_STANDARD_LIBRARIES = YES;
				CODE_SIGN_STYLE = Automatic;
				INFOPLIST_FILE = MasteringGitUITests/Info.plist;
				LD_RUNPATH_SEARCH_PATHS = (
					"$(inherited)",
					"@executable_path/Frameworks",
					"@loader_path/Frameworks",
				);
				PRODUCT_BUNDLE_IDENTIFIER = com.mastering.git.MasteringGitUITests;
				PRODUCT_NAME = "$(TARGET_NAME)";
				SWIFT_VERSION = 5.0;
				TARGETED_DEVICE_FAMILY = "1,2";
				TEST_TARGET_NAME = MasteringGit;
			};
			name = Release;
		};
/* End XCBuildConfiguration section */

/* Begin XCConfigurationList section */
		4CE24C4F2635BEE9009C12C4 /* Build configuration list for PBXProject "MasteringGit" */ = {
			isa = XCConfigurationList;
			buildConfigurations = (
				4CE24C7F2635BEEB009C12C4 /* Debug */,
				4CE24C802635BEEB009C12C4 /* Release */,
			);
			defaultConfigurationIsVisible = 0;
			defaultConfigurationName = Release;
		};
		4CE24C812635BEEB009C12C4 /* Build configuration list for PBXNativeTarget "MasteringGit" */ = {
			isa = XCConfigurationList;
			buildConfigurations = (
				4CE24C822635BEEB009C12C4 /* Debug */,
				4CE24C832635BEEB009C12C4 /* Release */,
			);
			defaultConfigurationIsVisible = 0;
			defaultConfigurationName = Release;
		};
		4CE24C842635BEEB009C12C4 /* Build configuration list for PBXNativeTarget "MasteringGitTests" */ = {
			isa = XCConfigurationList;
			buildConfigurations = (
				4CE24C852635BEEB009C12C4 /* Debug */,
				4CE24C862635BEEB009C12C4 /* Release */,
			);
			defaultConfigurationIsVisible = 0;
			defaultConfigurationName = Release;
		};
		4CE24C872635BEEB009C12C4 /* Build configuration list for PBXNativeTarget "MasteringGitUITests" */ = {
			isa = XCConfigurationList;
			buildConfigurations = (
				4CE24C882635BEEB009C12C4 /* Debug */,
				4CE24C892635BEEB009C12C4 /* Release */,
			);
			defaultConfigurationIsVisible = 0;
			defaultConfigurationName = Release;
		};
/* End XCConfigurationList section */

/* Begin XCVersionGroup section */
		4CE24C602635BEE9009C12C4 /* MasteringGit.xcdatamodeld */ = {
			isa = XCVersionGroup;
			children = (
				4CE24C612635BEE9009C12C4 /* MasteringGit.xcdatamodel */,
			);
			currentVersion = 4CE24C612635BEE9009C12C4 /* MasteringGit.xcdatamodel */;
			path = MasteringGit.xcdatamodeld;
			sourceTree = "<group>";
			versionGroupType = wrapper.xcdatamodel;
		};
/* End XCVersionGroup section */
	};
	rootObject = 4CE24C4C2635BEE9009C12C4 /* Project object */;
}
